
Microsoft Visual Studio Solution File, Format Version 12.00
# Visual Studio Version 18
VisualStudioVersion = 18.3.11312.210
MinimumVisualStudioVersion = 10.0.40219.1
Project("{2150E333-8FDC-42A3-9474-1A3956D46DE8}") = "src", "src", "{02EA681E-C7D8-13C7-8484-4AC65E1B71E8}"
EndProject
Project("{2150E333-8FDC-42A3-9474-1A3956D46DE8}") = "test", "test", "{93316882-C4DC-4081-AB1F-B4E4A8E6357E}"
EndProject
Project("{FAE04EC0-301F-11D3-BF4B-00C04F79EFBC}") = "EnderOverhaul.EnderDynamics.Impl", "EnderOverhaul.EnderDynamics.Impl\EnderOverhaul.EnderDynamics.Impl.csproj", "{BA29A21D-4673-BFFE-250F-FB68B41F5E08}"
EndProject
Project("{FAE04EC0-301F-11D3-BF4B-00C04F79EFBC}") = "EnderOverhaul.EnderDynamics.Impl.Test", "EnderOverhaul.EnderDynamics.Impl.Test\EnderOverhaul.EnderDynamics.Impl.Test.csproj", "{ACB939BC-42D9-FA25-87B8-E692B031BBAB}"
EndProject
Project("{2150E333-8FDC-42A3-9474-1A3956D46DE8}") = "DevHelper", "DevHelper", "{6FD5DC58-96CB-4BE8-9782-E1D5480C4CE6}"
EndProject
Project("{FAE04EC0-301F-11D3-BF4B-00C04F79EFBC}") = "DebugConsole", "DebugConsole\DebugConsole.csproj", "{5F95B6A5-9430-42E1-838C-822500A9D165}"
EndProject
Project("{FAE04EC0-301F-11D3-BF4B-00C04F79EFBC}") = "EnderOverhaul.EnderDynamics", "EnderOverhaul.EnderDynamics\EnderOverhaul.EnderDynamics.csproj", "{5DA7CFCA-F029-45A8-B08D-A02882D48523}"
EndProject
Project("{FAE04EC0-301F-11D3-BF4B-00C04F79EFBC}") = "EnderOverhaul.EnderDynamics.Test", "EnderOverhaul.EnderDynamics.Test\EnderOverhaul.EnderDynamics.Test.csproj", "{4951D639-73AD-4208-87E2-C9E5926F079D}"
EndProject
Global
	GlobalSection(SolutionConfigurationPlatforms) = preSolution
		Debug 1.12+|Any CPU = Debug 1.12+|Any CPU
		Debug 1.20.2+|Any CPU = Debug 1.20.2+|Any CPU
		Debug|Any CPU = Debug|Any CPU
		Release 1.12+|Any CPU = Release 1.12+|Any CPU
		Release 1.20.2+|Any CPU = Release 1.20.2+|Any CPU
		Release|Any CPU = Release|Any CPU
	EndGlobalSection
	GlobalSection(ProjectConfigurationPlatforms) = postSolution
		{BA29A21D-4673-BFFE-250F-FB68B41F5E08}.Debug 1.12+|Any CPU.ActiveCfg = Debug 1.12+|Any CPU
		{BA29A21D-4673-BFFE-250F-FB68B41F5E08}.Debug 1.12+|Any CPU.Build.0 = Debug 1.12+|Any CPU
		{BA29A21D-4673-BFFE-250F-FB68B41F5E08}.Debug 1.20.2+|Any CPU.ActiveCfg = Debug 1.20.2+|Any CPU
		{BA29A21D-4673-BFFE-250F-FB68B41F5E08}.Debug 1.20.2+|Any CPU.Build.0 = Debug 1.20.2+|Any CPU
		{BA29A21D-4673-BFFE-250F-FB68B41F5E08}.Debug|Any CPU.ActiveCfg = Debug|Any CPU
		{BA29A21D-4673-BFFE-250F-FB68B41F5E08}.Debug|Any CPU.Build.0 = Debug|Any CPU
		{BA29A21D-4673-BFFE-250F-FB68B41F5E08}.Release 1.12+|Any CPU.ActiveCfg = Release 1.12+|Any CPU
		{BA29A21D-4673-BFFE-250F-FB68B41F5E08}.Release 1.12+|Any CPU.Build.0 = Release 1.12+|Any CPU
		{BA29A21D-4673-BFFE-250F-FB68B41F5E08}.Release 1.20.2+|Any CPU.ActiveCfg = Release 1.20.2+|Any CPU
		{BA29A21D-4673-BFFE-250F-FB68B41F5E08}.Release 1.20.2+|Any CPU.Build.0 = Release 1.20.2+|Any CPU
		{BA29A21D-4673-BFFE-250F-FB68B41F5E08}.Release|Any CPU.ActiveCfg = Release|Any CPU
		{BA29A21D-4673-BFFE-250F-FB68B41F5E08}.Release|Any CPU.Build.0 = Release|Any CPU
		{ACB939BC-42D9-FA25-87B8-E692B031BBAB}.Debug 1.12+|Any CPU.ActiveCfg = Debug 1.12+|Any CPU
		{ACB939BC-42D9-FA25-87B8-E692B031BBAB}.Debug 1.12+|Any CPU.Build.0 = Debug 1.12+|Any CPU
		{ACB939BC-42D9-FA25-87B8-E692B031BBAB}.Debug 1.20.2+|Any CPU.ActiveCfg = Debug 1.20.2+|Any CPU
		{ACB939BC-42D9-FA25-87B8-E692B031BBAB}.Debug 1.20.2+|Any CPU.Build.0 = Debug 1.20.2+|Any CPU
		{ACB939BC-42D9-FA25-87B8-E692B031BBAB}.Debug|Any CPU.ActiveCfg = Debug|Any CPU
		{ACB939BC-42D9-FA25-87B8-E692B031BBAB}.Debug|Any CPU.Build.0 = Debug|Any CPU
		{ACB939BC-42D9-FA25-87B8-E692B031BBAB}.Release 1.12+|Any CPU.ActiveCfg = Release 1.12+|Any CPU
		{ACB939BC-42D9-FA25-87B8-E692B031BBAB}.Release 1.12+|Any CPU.Build.0 = Release 1.12+|Any CPU
		{ACB939BC-42D9-FA25-87B8-E692B031BBAB}.Release 1.20.2+|Any CPU.ActiveCfg = Release 1.20.2+|Any CPU
		{ACB939BC-42D9-FA25-87B8-E692B031BBAB}.Release 1.20.2+|Any CPU.Build.0 = Release 1.20.2+|Any CPU
		{ACB939BC-42D9-FA25-87B8-E692B031BBAB}.Release|Any CPU.ActiveCfg = Release|Any CPU
		{ACB939BC-42D9-FA25-87B8-E692B031BBAB}.Release|Any CPU.Build.0 = Release|Any CPU
		{5F95B6A5-9430-42E1-838C-822500A9D165}.Debug 1.12+|Any CPU.ActiveCfg = Debug|Any CPU
		{5F95B6A5-9430-42E1-838C-822500A9D165}.Debug 1.12+|Any CPU.Build.0 = Debug|Any CPU
		{5F95B6A5-9430-42E1-838C-822500A9D165}.Debug 1.20.2+|Any CPU.ActiveCfg = Debug|Any CPU
		{5F95B6A5-9430-42E1-838C-822500A9D165}.Debug 1.20.2+|Any CPU.Build.0 = Debug|Any CPU
		{5F95B6A5-9430-42E1-838C-822500A9D165}.Debug|Any CPU.ActiveCfg = Debug|Any CPU
		{5F95B6A5-9430-42E1-838C-822500A9D165}.Debug|Any CPU.Build.0 = Debug|Any CPU
		{5F95B6A5-9430-42E1-838C-822500A9D165}.Release 1.12+|Any CPU.ActiveCfg = Release|Any CPU
		{5F95B6A5-9430-42E1-838C-822500A9D165}.Release 1.12+|Any CPU.Build.0 = Release|Any CPU
		{5F95B6A5-9430-42E1-838C-822500A9D165}.Release 1.20.2+|Any CPU.ActiveCfg = Release|Any CPU
		{5F95B6A5-9430-42E1-838C-822500A9D165}.Release 1.20.2+|Any CPU.Build.0 = Release|Any CPU
		{5F95B6A5-9430-42E1-838C-822500A9D165}.Release|Any CPU.ActiveCfg = Release|Any CPU
		{5F95B6A5-9430-42E1-838C-822500A9D165}.Release|Any CPU.Build.0 = Release|Any CPU
		{5DA7CFCA-F029-45A8-B08D-A02882D48523}.Debug 1.12+|Any CPU.ActiveCfg = Debug|Any CPU
		{5DA7CFCA-F029-45A8-B08D-A02882D48523}.Debug 1.12+|Any CPU.Build.0 = Debug|Any CPU
		{5DA7CFCA-F029-45A8-B08D-A02882D48523}.Debug 1.20.2+|Any CPU.ActiveCfg = Debug|Any CPU
		{5DA7CFCA-F029-45A8-B08D-A02882D48523}.Debug 1.20.2+|Any CPU.Build.0 = Debug|Any CPU
		{5DA7CFCA-F029-45A8-B08D-A02882D48523}.Debug|Any CPU.ActiveCfg = Debug|Any CPU
		{5DA7CFCA-F029-45A8-B08D-A02882D48523}.Debug|Any CPU.Build.0 = Debug|Any CPU
		{5DA7CFCA-F029-45A8-B08D-A02882D48523}.Release 1.12+|Any CPU.ActiveCfg = Release|Any CPU
		{5DA7CFCA-F029-45A8-B08D-A02882D48523}.Release 1.12+|Any CPU.Build.0 = Release|Any CPU
		{5DA7CFCA-F029-45A8-B08D-A02882D48523}.Release 1.20.2+|Any CPU.ActiveCfg = Release|Any CPU
		{5DA7CFCA-F029-45A8-B08D-A02882D48523}.Release 1.20.2+|Any CPU.Build.0 = Release|Any CPU
		{5DA7CFCA-F029-45A8-B08D-A02882D48523}.Release|Any CPU.ActiveCfg = Release|Any CPU
		{5DA7CFCA-F029-45A8-B08D-A02882D48523}.Release|Any CPU.Build.0 = Release|Any CPU
		{4951D639-73AD-4208-87E2-C9E5926F079D}.Debug 1.12+|Any CPU.ActiveCfg = Debug|Any CPU
		{4951D639-73AD-4208-87E2-C9E5926F079D}.Debug 1.12+|Any CPU.Build.0 = Debug|Any CPU
		{4951D639-73AD-4208-87E2-C9E5926F079D}.Debug 1.20.2+|Any CPU.ActiveCfg = Debug|Any CPU
		{4951D639-73AD-4208-87E2-C9E5926F079D}.Debug 1.20.2+|Any CPU.Build.0 = Debug|Any CPU
		{4951D639-73AD-4208-87E2-C9E5926F079D}.Debug|Any CPU.ActiveCfg = Debug|Any CPU
		{4951D639-73AD-4208-87E2-C9E5926F079D}.Debug|Any CPU.Build.0 = Debug|Any CPU
		{4951D639-73AD-4208-87E2-C9E5926F079D}.Release 1.12+|Any CPU.ActiveCfg = Release|Any CPU
		{4951D639-73AD-4208-87E2-C9E5926F079D}.Release 1.12+|Any CPU.Build.0 = Release|Any CPU
		{4951D639-73AD-4208-87E2-C9E5926F079D}.Release 1.20.2+|Any CPU.ActiveCfg = Release|Any CPU
		{4951D639-73AD-4208-87E2-C9E5926F079D}.Release 1.20.2+|Any CPU.Build.0 = Release|Any CPU
		{4951D639-73AD-4208-87E2-C9E5926F079D}.Release|Any CPU.ActiveCfg = Release|Any CPU
		{4951D639-73AD-4208-87E2-C9E5926F079D}.Release|Any CPU.Build.0 = Release|Any CPU
	EndGlobalSection
	GlobalSection(SolutionProperties) = preSolution
		HideSolutionNode = FALSE
	EndGlobalSection
	GlobalSection(NestedProjects) = preSolution
		{BA29A21D-4673-BFFE-250F-FB68B41F5E08} = {02EA681E-C7D8-13C7-8484-4AC65E1B71E8}
		{ACB939BC-42D9-FA25-87B8-E692B031BBAB} = {93316882-C4DC-4081-AB1F-B4E4A8E6357E}
		{5F95B6A5-9430-42E1-838C-822500A9D165} = {6FD5DC58-96CB-4BE8-9782-E1D5480C4CE6}
		{5DA7CFCA-F029-45A8-B08D-A02882D48523} = {02EA681E-C7D8-13C7-8484-4AC65E1B71E8}
		{4951D639-73AD-4208-87E2-C9E5926F079D} = {93316882-C4DC-4081-AB1F-B4E4A8E6357E}
	EndGlobalSection
	GlobalSection(ExtensibilityGlobals) = postSolution
		SolutionGuid = {678CA7F1-24E1-402D-A5A4-9DDE09485125}
	EndGlobalSection
EndGlobal
